{
  "version": "3",
  "packages": {
    "specifiers": {
      "npm:@types/events@3.0.2": "npm:@types/events@3.0.2",
      "npm:@types/socket.io-client@^1.4.36": "npm:@types/socket.io-client@1.4.36",
      "npm:emittery@1.0.1": "npm:emittery@1.0.1",
      "npm:eventemitter3@5.0.1": "npm:eventemitter3@5.0.1",
      "npm:events@3.3.0": "npm:events@3.3.0",
      "npm:mitt@3.0.1": "npm:mitt@3.0.1",
      "npm:socket.io-client@2.5.0": "npm:socket.io-client@2.5.0",
      "npm:strict-event-emitter@0.5.1": "npm:strict-event-emitter@0.5.1",
      "npm:tiny-emitter@2.1.0": "npm:tiny-emitter@2.1.0",
      "npm:tsee@1.3.4": "npm:tsee@1.3.4",
      "npm:tseep@1.1.1": "npm:tseep@1.1.1",
      "npm:typed-emitter@2.1.0": "npm:typed-emitter@2.1.0"
    },
    "npm": {
      "@types/events@3.0.2": {
        "integrity": "sha512-v4Mr60wJuF069iZZCdY5DKhfj0l6eXNJtbSM/oMDNdRLoBEUsktmKnswkz0X3OAic5W8Qy/YU6owKE4A66Y46A==",
        "dependencies": {}
      },
      "@types/node@12.20.55": {
        "integrity": "sha512-J8xLz7q2OFulZ2cyGTLE1TbbZcjpno7FaN6zdJNrgAdrJ+DZzh/uFR6YrTb4C+nXakvud8Q4+rbhoIWlYQbUFQ==",
        "dependencies": {}
      },
      "@types/socket.io-client@1.4.36": {
        "integrity": "sha512-ZJWjtFBeBy1kRSYpVbeGYTElf6BqPQUkXDlHHD4k/42byCN5Rh027f4yARHCink9sKAkbtGZXEAmR0ZCnc2/Ag==",
        "dependencies": {}
      },
      "after@0.8.2": {
        "integrity": "sha512-QbJ0NTQ/I9DI3uSJA4cbexiwQeRAfjPScqIbSjUDd9TOrcg6pTkdgziesOqxBMBzit8vFCTwrP27t13vFOORRA==",
        "dependencies": {}
      },
      "arraybuffer.slice@0.0.7": {
        "integrity": "sha512-wGUIVQXuehL5TCqQun8OW81jGzAWycqzFF8lFp+GOM5BXLYj3bKNsYC4daB7n6XjCqxQA/qgTJ+8ANR3acjrog==",
        "dependencies": {}
      },
      "backo2@1.0.2": {
        "integrity": "sha512-zj6Z6M7Eq+PBZ7PQxl5NT665MvJdAkzp0f60nAJ+sLaSCBPMwVak5ZegFbgVCzFcCJTKFoMizvM5Ld7+JrRJHA==",
        "dependencies": {}
      },
      "base64-arraybuffer@0.1.4": {
        "integrity": "sha512-a1eIFi4R9ySrbiMuyTGx5e92uRH5tQY6kArNcFaKBUleIoLjdjBg7Zxm3Mqm3Kmkf27HLR/1fnxX9q8GQ7Iavg==",
        "dependencies": {}
      },
      "blob@0.0.5": {
        "integrity": "sha512-gaqbzQPqOoamawKg0LGVd7SzLgXS+JH61oWprSLH+P+abTczqJbhTR8CmJ2u9/bUYNmHTGJx/UEmn6doAvvuig==",
        "dependencies": {}
      },
      "component-bind@1.0.0": {
        "integrity": "sha512-WZveuKPeKAG9qY+FkYDeADzdHyTYdIboXS59ixDeRJL5ZhxpqUnxSOwop4FQjMsiYm3/Or8cegVbpAHNA7pHxw==",
        "dependencies": {}
      },
      "component-emitter@1.3.0": {
        "integrity": "sha512-Rd3se6QB+sO1TwqZjscQrurpEPIfO0/yYnSin6Q/rD3mOutHvUrCAhJub3r90uNb+SESBuE0QYoB90YdfatsRg==",
        "dependencies": {}
      },
      "component-inherit@0.0.3": {
        "integrity": "sha512-w+LhYREhatpVqTESyGFg3NlP6Iu0kEKUHETY9GoZP/pQyW4mHFZuFWRUCIqVPZ36ueVLtoOEZaAqbCF2RDndaA==",
        "dependencies": {}
      },
      "debug@3.1.0": {
        "integrity": "sha512-OX8XqP7/1a9cqkxYw2yXss15f26NKWBpDXQd0/uK/KPqdQhxbPa994hnzjcE2VqQpDslf55723cKPUOGSmMY3g==",
        "dependencies": {
          "ms": "ms@2.0.0"
        }
      },
      "emittery@1.0.1": {
        "integrity": "sha512-2ID6FdrMD9KDLldGesP6317G78K7km/kMcwItRtVFva7I/cSEOIaLpewaUb+YLXVwdAp3Ctfxh/V5zIl1sj7dQ==",
        "dependencies": {}
      },
      "engine.io-client@3.5.3": {
        "integrity": "sha512-qsgyc/CEhJ6cgMUwxRRtOndGVhIu5hpL5tR4umSpmX/MvkFoIxUTM7oFMDQumHNzlNLwSVy6qhstFPoWTf7dOw==",
        "dependencies": {
          "component-emitter": "component-emitter@1.3.0",
          "component-inherit": "component-inherit@0.0.3",
          "debug": "debug@3.1.0",
          "engine.io-parser": "engine.io-parser@2.2.1",
          "has-cors": "has-cors@1.1.0",
          "indexof": "indexof@0.0.1",
          "parseqs": "parseqs@0.0.6",
          "parseuri": "parseuri@0.0.6",
          "ws": "ws@7.4.6",
          "xmlhttprequest-ssl": "xmlhttprequest-ssl@1.6.3",
          "yeast": "yeast@0.1.2"
        }
      },
      "engine.io-parser@2.2.1": {
        "integrity": "sha512-x+dN/fBH8Ro8TFwJ+rkB2AmuVw9Yu2mockR/p3W8f8YtExwFgDvBDi0GWyb4ZLkpahtDGZgtr3zLovanJghPqg==",
        "dependencies": {
          "after": "after@0.8.2",
          "arraybuffer.slice": "arraybuffer.slice@0.0.7",
          "base64-arraybuffer": "base64-arraybuffer@0.1.4",
          "blob": "blob@0.0.5",
          "has-binary2": "has-binary2@1.0.3"
        }
      },
      "eventemitter3@5.0.1": {
        "integrity": "sha512-GWkBvjiSZK87ELrYOSESUYeVIc9mvLLf/nXalMOS5dYrgZq9o5OVkbZAVM06CVxYsCwH9BDZFPlQTlPA1j4ahA==",
        "dependencies": {}
      },
      "events@3.3.0": {
        "integrity": "sha512-mQw+2fkQbALzQ7V0MY0IqdnXNOeTtP4r0lN9z7AAawCXgqea7bDii20AYrIBrFd/Hx0M2Ocz6S111CaFkUcb0Q==",
        "dependencies": {}
      },
      "has-binary2@1.0.3": {
        "integrity": "sha512-G1LWKhDSvhGeAQ8mPVQlqNcOB2sJdwATtZKl2pDKKHfpf/rYj24lkinxf69blJbnsvtqqNU+L3SL50vzZhXOnw==",
        "dependencies": {
          "isarray": "isarray@2.0.1"
        }
      },
      "has-cors@1.1.0": {
        "integrity": "sha512-g5VNKdkFuUuVCP9gYfDJHjK2nqdQJ7aDLTnycnc2+RvsOQbuLdF5pm7vuE5J76SEBIQjs4kQY/BWq74JUmjbXA==",
        "dependencies": {}
      },
      "indexof@0.0.1": {
        "integrity": "sha512-i0G7hLJ1z0DE8dsqJa2rycj9dBmNKgXBvotXtZYXakU9oivfB9Uj2ZBC27qqef2U58/ZLwalxa1X/RDCdkHtVg==",
        "dependencies": {}
      },
      "isarray@2.0.1": {
        "integrity": "sha512-c2cu3UxbI+b6kR3fy0nRnAhodsvR9dx7U5+znCOzdj6IfP3upFURTr0Xl5BlQZNKZjEtxrmVyfSdeE3O57smoQ==",
        "dependencies": {}
      },
      "mitt@3.0.1": {
        "integrity": "sha512-vKivATfr97l2/QBCYAkXYDbrIWPM2IIKEl7YPhjCvKlG3kE2gm+uBo6nEXK3M5/Ffh/FLpKExzOQ3JJoJGFKBw==",
        "dependencies": {}
      },
      "ms@2.0.0": {
        "integrity": "sha512-Tpp60P6IUJDTuOq/5Z8cdskzJujfwqfOTkrwIwj7IRISpnkJnT6SyJ4PCPnGMoFjC9ddhal5KVIYtAt97ix05A==",
        "dependencies": {}
      },
      "parseqs@0.0.6": {
        "integrity": "sha512-jeAGzMDbfSHHA091hr0r31eYfTig+29g3GKKE/PPbEQ65X0lmMwlEoqmhzu0iztID5uJpZsFlUPDP8ThPL7M8w==",
        "dependencies": {}
      },
      "parseuri@0.0.6": {
        "integrity": "sha512-AUjen8sAkGgao7UyCX6Ahv0gIK2fABKmYjvP4xmy5JaKvcbTRueIqIPHLAfq30xJddqSE033IOMUSOMCcK3Sow==",
        "dependencies": {}
      },
      "rxjs@7.8.1": {
        "integrity": "sha512-AA3TVj+0A2iuIoQkWEK/tqFjBq2j+6PO6Y0zJcvzLAFhEFIO3HL0vls9hWLncZbAAbK0mar7oZ4V079I/qPMxg==",
        "dependencies": {
          "tslib": "tslib@2.6.2"
        }
      },
      "socket.io-client@2.5.0": {
        "integrity": "sha512-lOO9clmdgssDykiOmVQQitwBAF3I6mYcQAo7hQ7AM6Ny5X7fp8hIJ3HcQs3Rjz4SoggoxA1OgrQyY8EgTbcPYw==",
        "dependencies": {
          "backo2": "backo2@1.0.2",
          "component-bind": "component-bind@1.0.0",
          "component-emitter": "component-emitter@1.3.0",
          "debug": "debug@3.1.0",
          "engine.io-client": "engine.io-client@3.5.3",
          "has-binary2": "has-binary2@1.0.3",
          "indexof": "indexof@0.0.1",
          "parseqs": "parseqs@0.0.6",
          "parseuri": "parseuri@0.0.6",
          "socket.io-parser": "socket.io-parser@3.3.3",
          "to-array": "to-array@0.1.4"
        }
      },
      "socket.io-parser@3.3.3": {
        "integrity": "sha512-qOg87q1PMWWTeO01768Yh9ogn7chB9zkKtQnya41Y355S0UmpXgpcrFwAgjYJxu9BdKug5r5e9YtVSeWhKBUZg==",
        "dependencies": {
          "component-emitter": "component-emitter@1.3.0",
          "debug": "debug@3.1.0",
          "isarray": "isarray@2.0.1"
        }
      },
      "strict-event-emitter@0.5.1": {
        "integrity": "sha512-vMgjE/GGEPEFnhFub6pa4FmJBRBVOLpIII2hvCZ8Kzb7K0hlHo7mQv6xYrBvCL2LtAIBwFUK8wvuJgTVSQ5MFQ==",
        "dependencies": {}
      },
      "tiny-emitter@2.1.0": {
        "integrity": "sha512-NB6Dk1A9xgQPMoGqC5CVXn123gWyte215ONT5Pp5a0yt4nlEoO1ZWeCwpncaekPHXO60i47ihFnZPiRPjRMq4Q==",
        "dependencies": {}
      },
      "to-array@0.1.4": {
        "integrity": "sha512-LhVdShQD/4Mk4zXNroIQZJC+Ap3zgLcDuwEdcmLv9CCO73NWockQDwyUnW/m8VX/EElfL6FcYx7EeutN4HJA6A==",
        "dependencies": {}
      },
      "tsee@1.3.4": {
        "integrity": "sha512-QD6huu+7aqZBjKjVgc4JaYRViICAlNefKiWuge5iUx3oYEz6a7f/uDBrAdwVmHCVetkhQ7MmNNd1HrF1LV7Rjg==",
        "dependencies": {
          "@types/node": "@types/node@12.20.55"
        }
      },
      "tseep@1.1.1": {
        "integrity": "sha512-w2MjaqNWGDeliT5/W+/lhhnR0URiVwXXsXbkAZjQVywrOpdKhQAOL1ycyHfNOV1QBjouC7FawNmJePet1sGesw==",
        "dependencies": {}
      },
      "tslib@2.6.2": {
        "integrity": "sha512-AEYxH93jGFPn/a2iVAwW87VuUIkR1FVUKB77NwMF7nBTDkDrrT/Hpt/IrCJ0QXhW27jTBDcf5ZY7w6RiqTMw2Q==",
        "dependencies": {}
      },
      "typed-emitter@2.1.0": {
        "integrity": "sha512-g/KzbYKbH5C2vPkaXGu8DJlHrGKHLsM25Zg9WuC9pMGfuvT+X25tZQWo5fK1BjBm8+UrVE9LDCvaY0CQk+fXDA==",
        "dependencies": {
          "rxjs": "rxjs@7.8.1"
        }
      },
      "ws@7.4.6": {
        "integrity": "sha512-YmhHDO4MzaDLB+M9ym/mDA5z0naX8j7SIlT8f8z+I0VtzsRbekxEutHSme7NPS2qE8StCYQNUnfWdXta/Yu85A==",
        "dependencies": {}
      },
      "xmlhttprequest-ssl@1.6.3": {
        "integrity": "sha512-3XfeQE/wNkvrIktn2Kf0869fC0BN6UpydVasGIeSm2B1Llihf7/0UfZM+eCkOw3P7bP4+qPgqhm7ZoxuJtFU0Q==",
        "dependencies": {}
      },
      "yeast@0.1.2": {
        "integrity": "sha512-8HFIh676uyGYP6wP13R/j6OJ/1HwJ46snpvzE7aHAN3Ryqh2yX6Xox2B4CUmTwwOIzlG3Bs7ocsP5dZH/R1Qbg==",
        "dependencies": {}
      }
    }
  },
  "remote": {
    "https://deno.land/std@0.204.0/dotenv/load.ts": "0636983549b98f29ab75c9a22a42d9723f0a389ece5498fe971e7bb2556a12e2",
    "https://deno.land/std@0.204.0/dotenv/mod.ts": "1da8c6d0e7f7d8a5c2b19400b763bc11739df24acec235dda7ea2cfd3d300057",
    "https://deno.land/x/another_cookiejar@v5.0.3/cookie.ts": "2be7548d01a3a9df97deb187761a843a77fd824057478919abf1e1e89ae1eb2e",
    "https://deno.land/x/another_cookiejar@v5.0.3/cookie_jar.ts": "e47d7b2c608bcd9600fd26825b600946f16ae167216cea71935049188d2fc6d1",
    "https://deno.land/x/another_cookiejar@v5.0.3/fetch_wrapper.ts": "9d82648195533c58490d462cc4566edc16b9ce06e695a8043160785df5e0d6a0",
    "https://deno.land/x/another_cookiejar@v5.0.3/mod.ts": "eff949014965771f2cd447fe78625a1ad28b59333afa40640f02c0922534d89a"
  }
}
